
Microsoft Visual Studio Solution File, Format Version 12.00
# Visual Studio Version 17
VisualStudioVersion = 17.13.35806.99 d17.13
MinimumVisualStudioVersion = 10.0.40219.1
Project("{FAE04EC0-301F-11D3-BF4B-00C04F79EFBC}") = "ApiDomain", "ApiDomain\ApiDomain.csproj", "{F88F92AC-C4D9-49DF-9FE8-6F348D937B48}"
EndProject
Global
	GlobalSection(SolutionConfigurationPlatforms) = preSolution
		Debug|Any CPU = Debug|Any CPU
		Release|Any CPU = Release|Any CPU
	EndGlobalSection
	GlobalSection(ProjectConfigurationPlatforms) = postSolution
		{F88F92AC-C4D9-49DF-9FE8-6F348D937B48}.Debug|Any CPU.ActiveCfg = Debug|Any CPU
		{F88F92AC-C4D9-49DF-9FE8-6F348D937B48}.Debug|Any CPU.Build.0 = Debug|Any CPU
		{F88F92AC-C4D9-49DF-9FE8-6F348D937B48}.Release|Any CPU.ActiveCfg = Release|Any CPU
		{F88F92AC-C4D9-49DF-9FE8-6F348D937B48}.Release|Any CPU.Build.0 = Release|Any CPU
	EndGlobalSection
	GlobalSection(SolutionProperties) = preSolution
		HideSolutionNode = FALSE
	EndGlobalSection
	GlobalSection(ExtensibilityGlobals) = postSolution
		SolutionGuid = {B7B68770-F0D1-46B6-A3C7-D95DEC4A484B}
	EndGlobalSection
EndGlobal
